
Microsoft Visual Studio Solution File, Format Version 12.00
# Visual Studio Version 17
VisualStudioVersion = 17.1.32319.34
MinimumVisualStudioVersion = 10.0.40219.1
Project("{FAE04EC0-301F-11D3-BF4B-00C04F79EFBC}") = "GestaoDeVeiculos", "GestaoDeVeiculos\GestaoDeVeiculos.csproj", "{67BDFAEC-743A-4DDE-8CD7-6B17F4C61514}"
EndProject
Global
	GlobalSection(SolutionConfigurationPlatforms) = preSolution
		Debug|Any CPU = Debug|Any CPU
		Release|Any CPU = Release|Any CPU
	EndGlobalSection
	GlobalSection(ProjectConfigurationPlatforms) = postSolution
		{67BDFAEC-743A-4DDE-8CD7-6B17F4C61514}.Debug|Any CPU.ActiveCfg = Debug|Any CPU
		{67BDFAEC-743A-4DDE-8CD7-6B17F4C61514}.Debug|Any CPU.Build.0 = Debug|Any CPU
		{67BDFAEC-743A-4DDE-8CD7-6B17F4C61514}.Release|Any CPU.ActiveCfg = Release|Any CPU
		{67BDFAEC-743A-4DDE-8CD7-6B17F4C61514}.Release|Any CPU.Build.0 = Release|Any CPU
	EndGlobalSection
	GlobalSection(SolutionProperties) = preSolution
		HideSolutionNode = FALSE
	EndGlobalSection
	GlobalSection(ExtensibilityGlobals) = postSolution
		SolutionGuid = {CC82B55C-5A92-44AA-A499-BF2FD13BE1BE}
	EndGlobalSection
EndGlobal
